
Microsoft Visual Studio Solution File, Format Version 12.00
# Visual Studio Version 17
VisualStudioVersion = 17.4.33122.133
MinimumVisualStudioVersion = 10.0.40219.1
Project("{FAE04EC0-301F-11D3-BF4B-00C04F79EFBC}") = "TheLongDarkNuGetFactory", "TheLongDarkNuGetFactory\TheLongDarkNuGetFactory.csproj", "{25484316-15C6-4143-9B14-0A11E1BA1C94}"
EndProject
Project("{2150E333-8FDC-42A3-9474-1A3956D46DE8}") = "Solution Items", "Solution Items", "{79B1C616-1C52-48C2-8C29-79B3B3260C68}"
	ProjectSection(SolutionItems) = preProject
		.gitignore = .gitignore
		LICENSE.txt = LICENSE.txt
		README.md = README.md
	EndProjectSection
EndProject
Global
	GlobalSection(SolutionConfigurationPlatforms) = preSolution
		Debug|Any CPU = Debug|Any CPU
		Release|Any CPU = Release|Any CPU
	EndGlobalSection
	GlobalSection(ProjectConfigurationPlatforms) = postSolution
		{25484316-15C6-4143-9B14-0A11E1BA1C94}.Debug|Any CPU.ActiveCfg = Debug|Any CPU
		{25484316-15C6-4143-9B14-0A11E1BA1C94}.Debug|Any CPU.Build.0 = Debug|Any CPU
		{25484316-15C6-4143-9B14-0A11E1BA1C94}.Release|Any CPU.ActiveCfg = Release|Any CPU
		{25484316-15C6-4143-9B14-0A11E1BA1C94}.Release|Any CPU.Build.0 = Release|Any CPU
	EndGlobalSection
	GlobalSection(SolutionProperties) = preSolution
		HideSolutionNode = FALSE
	EndGlobalSection
	GlobalSection(ExtensibilityGlobals) = postSolution
		SolutionGuid = {AA931B8E-98F6-4B44-A7C2-55B5F467EC15}
	EndGlobalSection
EndGlobal
